
Microsoft Visual Studio Solution File, Format Version 12.00
# Blend for Visual Studio Version 16
VisualStudioVersion = 16.0.31702.278
MinimumVisualStudioVersion = 10.0.40219.1
Project("{FAE04EC0-301F-11D3-BF4B-00C04F79EFBC}") = "HW16WPF", "HW16WPF\HW16WPF.csproj", "{1BF46D40-BAAE-414A-81ED-75E93B931D23}"
EndProject
Project("{FAE04EC0-301F-11D3-BF4B-00C04F79EFBC}") = "2Ex", "2Ex\2Ex.csproj", "{27B78E88-3C04-4027-A2E9-05E37CB1179E}"
EndProject
Global
	GlobalSection(SolutionConfigurationPlatforms) = preSolution
		Debug|Any CPU = Debug|Any CPU
		Release|Any CPU = Release|Any CPU
	EndGlobalSection
	GlobalSection(ProjectConfigurationPlatforms) = postSolution
		{1BF46D40-BAAE-414A-81ED-75E93B931D23}.Debug|Any CPU.ActiveCfg = Debug|Any CPU
		{1BF46D40-BAAE-414A-81ED-75E93B931D23}.Debug|Any CPU.Build.0 = Debug|Any CPU
		{1BF46D40-BAAE-414A-81ED-75E93B931D23}.Release|Any CPU.ActiveCfg = Release|Any CPU
		{1BF46D40-BAAE-414A-81ED-75E93B931D23}.Release|Any CPU.Build.0 = Release|Any CPU
		{27B78E88-3C04-4027-A2E9-05E37CB1179E}.Debug|Any CPU.ActiveCfg = Debug|Any CPU
		{27B78E88-3C04-4027-A2E9-05E37CB1179E}.Debug|Any CPU.Build.0 = Debug|Any CPU
		{27B78E88-3C04-4027-A2E9-05E37CB1179E}.Release|Any CPU.ActiveCfg = Release|Any CPU
		{27B78E88-3C04-4027-A2E9-05E37CB1179E}.Release|Any CPU.Build.0 = Release|Any CPU
	EndGlobalSection
	GlobalSection(SolutionProperties) = preSolution
		HideSolutionNode = FALSE
	EndGlobalSection
	GlobalSection(ExtensibilityGlobals) = postSolution
		SolutionGuid = {21DBD1FB-0443-4EC9-A0FD-3F460A787E8E}
	EndGlobalSection
EndGlobal
